
Microsoft Visual Studio Solution File, Format Version 12.00
# Visual Studio 14
VisualStudioVersion = 14.0.23107.0
MinimumVisualStudioVersion = 10.0.40219.1
Project("{F2A71F9B-5D33-465A-A702-920D77279786}") = "ParserCombinators", "ParserCombinators\ParserCombinators.fsproj", "{15639655-03B1-43D8-86DD-F6B4CC7C1A4A}"
EndProject
Project("{F2A71F9B-5D33-465A-A702-920D77279786}") = "ParserCombinators.Test", "ParserCombinators.Test\ParserCombinators.Test.fsproj", "{0CFAE665-6298-4E9B-B16D-FC009191189B}"
EndProject
Project("{2150E333-8FDC-42A3-9474-1A3956D46DE8}") = "Solution Items", "Solution Items", "{4E8C3B40-8E26-47C7-975E-9B1DF14E895D}"
	ProjectSection(SolutionItems) = preProject
		.gitattributes = .gitattributes
		.gitignore = .gitignore
		Readme.md = Readme.md
	EndProjectSection
EndProject
Global
	GlobalSection(SolutionConfigurationPlatforms) = preSolution
		Debug|Any CPU = Debug|Any CPU
		Release|Any CPU = Release|Any CPU
	EndGlobalSection
	GlobalSection(ProjectConfigurationPlatforms) = postSolution
		{15639655-03B1-43D8-86DD-F6B4CC7C1A4A}.Debug|Any CPU.ActiveCfg = Debug|Any CPU
		{15639655-03B1-43D8-86DD-F6B4CC7C1A4A}.Debug|Any CPU.Build.0 = Debug|Any CPU
		{15639655-03B1-43D8-86DD-F6B4CC7C1A4A}.Release|Any CPU.ActiveCfg = Release|Any CPU
		{15639655-03B1-43D8-86DD-F6B4CC7C1A4A}.Release|Any CPU.Build.0 = Release|Any CPU
		{0CFAE665-6298-4E9B-B16D-FC009191189B}.Debug|Any CPU.ActiveCfg = Debug|Any CPU
		{0CFAE665-6298-4E9B-B16D-FC009191189B}.Debug|Any CPU.Build.0 = Debug|Any CPU
		{0CFAE665-6298-4E9B-B16D-FC009191189B}.Release|Any CPU.ActiveCfg = Release|Any CPU
		{0CFAE665-6298-4E9B-B16D-FC009191189B}.Release|Any CPU.Build.0 = Release|Any CPU
	EndGlobalSection
	GlobalSection(SolutionProperties) = preSolution
		HideSolutionNode = FALSE
	EndGlobalSection
EndGlobal
